
Microsoft Visual Studio Solution File, Format Version 12.00
# Visual Studio 2013
VisualStudioVersion = 12.0.21005.1
MinimumVisualStudioVersion = 10.0.40219.1
Project("{FAE04EC0-301F-11D3-BF4B-00C04F79EFBC}") = "WebApplication", "WebApplication\WebApplication.csproj", "{89B69414-3342-42FD-9C38-558356F153AE}"
EndProject
Project("{FAE04EC0-301F-11D3-BF4B-00C04F79EFBC}") = "DAL", "DAL\DAL.csproj", "{40962F4F-E261-46F2-B1E9-63278C80E673}"
EndProject
Project("{FAE04EC0-301F-11D3-BF4B-00C04F79EFBC}") = "BLL", "BLL\BLL.csproj", "{1082271F-96C1-4EAE-93CA-399E7C6ECA46}"
EndProject
Project("{FAE04EC0-301F-11D3-BF4B-00C04F79EFBC}") = "MyGeneration.dOOdads", "MyGeneration.dOOdads\MyGeneration.dOOdads.csproj", "{8666C149-F8D1-47CE-B5E2-BEE0BC844A9A}"
EndProject
Global
	GlobalSection(SolutionConfigurationPlatforms) = preSolution
		Debug|Any CPU = Debug|Any CPU
		Release|Any CPU = Release|Any CPU
	EndGlobalSection
	GlobalSection(ProjectConfigurationPlatforms) = postSolution
		{89B69414-3342-42FD-9C38-558356F153AE}.Debug|Any CPU.ActiveCfg = Debug|Any CPU
		{89B69414-3342-42FD-9C38-558356F153AE}.Debug|Any CPU.Build.0 = Debug|Any CPU
		{89B69414-3342-42FD-9C38-558356F153AE}.Release|Any CPU.ActiveCfg = Release|Any CPU
		{89B69414-3342-42FD-9C38-558356F153AE}.Release|Any CPU.Build.0 = Release|Any CPU
		{40962F4F-E261-46F2-B1E9-63278C80E673}.Debug|Any CPU.ActiveCfg = Debug|Any CPU
		{40962F4F-E261-46F2-B1E9-63278C80E673}.Debug|Any CPU.Build.0 = Debug|Any CPU
		{40962F4F-E261-46F2-B1E9-63278C80E673}.Release|Any CPU.ActiveCfg = Release|Any CPU
		{40962F4F-E261-46F2-B1E9-63278C80E673}.Release|Any CPU.Build.0 = Release|Any CPU
		{1082271F-96C1-4EAE-93CA-399E7C6ECA46}.Debug|Any CPU.ActiveCfg = Debug|Any CPU
		{1082271F-96C1-4EAE-93CA-399E7C6ECA46}.Debug|Any CPU.Build.0 = Debug|Any CPU
		{1082271F-96C1-4EAE-93CA-399E7C6ECA46}.Release|Any CPU.ActiveCfg = Release|Any CPU
		{1082271F-96C1-4EAE-93CA-399E7C6ECA46}.Release|Any CPU.Build.0 = Release|Any CPU
		{8666C149-F8D1-47CE-B5E2-BEE0BC844A9A}.Debug|Any CPU.ActiveCfg = Debug|Any CPU
		{8666C149-F8D1-47CE-B5E2-BEE0BC844A9A}.Debug|Any CPU.Build.0 = Debug|Any CPU
		{8666C149-F8D1-47CE-B5E2-BEE0BC844A9A}.Release|Any CPU.ActiveCfg = Release|Any CPU
		{8666C149-F8D1-47CE-B5E2-BEE0BC844A9A}.Release|Any CPU.Build.0 = Release|Any CPU
	EndGlobalSection
	GlobalSection(SolutionProperties) = preSolution
		HideSolutionNode = FALSE
	EndGlobalSection
EndGlobal
